
Microsoft Visual Studio Solution File, Format Version 12.00
# Visual Studio Version 17
VisualStudioVersion = 17.2.32616.157
MinimumVisualStudioVersion = 10.0.40219.1
Project("{FAE04EC0-301F-11D3-BF4B-00C04F79EFBC}") = "04 Generics", "04 Generics.csproj", "{469FA53F-6F9A-4A0F-991F-D984501C4762}"
EndProject
Global
	GlobalSection(SolutionConfigurationPlatforms) = preSolution
		Debug|Any CPU = Debug|Any CPU
		Release|Any CPU = Release|Any CPU
	EndGlobalSection
	GlobalSection(ProjectConfigurationPlatforms) = postSolution
		{469FA53F-6F9A-4A0F-991F-D984501C4762}.Debug|Any CPU.ActiveCfg = Debug|Any CPU
		{469FA53F-6F9A-4A0F-991F-D984501C4762}.Debug|Any CPU.Build.0 = Debug|Any CPU
		{469FA53F-6F9A-4A0F-991F-D984501C4762}.Release|Any CPU.ActiveCfg = Release|Any CPU
		{469FA53F-6F9A-4A0F-991F-D984501C4762}.Release|Any CPU.Build.0 = Release|Any CPU
	EndGlobalSection
	GlobalSection(SolutionProperties) = preSolution
		HideSolutionNode = FALSE
	EndGlobalSection
	GlobalSection(ExtensibilityGlobals) = postSolution
		SolutionGuid = {1B1EDB12-1315-4379-AF94-5C1DC7C65679}
	EndGlobalSection
EndGlobal
